
Microsoft Visual Studio Solution File, Format Version 12.00
# Visual Studio Version 17
VisualStudioVersion = 17.13.35913.81 d17.13
MinimumVisualStudioVersion = 10.0.40219.1
Project("{FAE04EC0-301F-11D3-BF4B-00C04F79EFBC}") = "LAB1", "LAB1\LAB1.csproj", "{657B29EC-5944-4BD6-8E0E-9D403ECDCDFD}"
EndProject
Global
	GlobalSection(SolutionConfigurationPlatforms) = preSolution
		Debug|Any CPU = Debug|Any CPU
		Release|Any CPU = Release|Any CPU
	EndGlobalSection
	GlobalSection(ProjectConfigurationPlatforms) = postSolution
		{657B29EC-5944-4BD6-8E0E-9D403ECDCDFD}.Debug|Any CPU.ActiveCfg = Debug|Any CPU
		{657B29EC-5944-4BD6-8E0E-9D403ECDCDFD}.Debug|Any CPU.Build.0 = Debug|Any CPU
		{657B29EC-5944-4BD6-8E0E-9D403ECDCDFD}.Release|Any CPU.ActiveCfg = Release|Any CPU
		{657B29EC-5944-4BD6-8E0E-9D403ECDCDFD}.Release|Any CPU.Build.0 = Release|Any CPU
	EndGlobalSection
	GlobalSection(SolutionProperties) = preSolution
		HideSolutionNode = FALSE
	EndGlobalSection
	GlobalSection(ExtensibilityGlobals) = postSolution
		SolutionGuid = {9E8389B0-3BD0-4DD9-8D13-802018F65CC0}
	EndGlobalSection
EndGlobal
